{
  "name": "@serenity-is/extensions",
  "lockfileVersion": 3,
  "requires": true,
  "packages": {
    "": {
      "name": "@serenity-is/extensions",
      "dependencies": {
        "@serenity-is/corelib": "../../../Serenity/src/Serenity.Scripts/corelib",
        "@serenity-is/sleekgrid": "latest"
      },
      "devDependencies": {
        "@serenity-is/tsbuild": "latest"
      }
    },
    "node_modules/@serenity-is/corelib": {
      "version": "6.3.0",
      "license": "MIT",
      "dependencies": {
        "@serenity-is/sleekgrid": "1.4.0",
        "@types/jquery": "2.0.48",
        "@types/jquery.validation": "1.16.7",
        "@types/jqueryui": "1.12.6",
        "@types/toastr": "2.1.39"
      },
      "optionalDependencies": {
        "fsevents": "2.3.2"
      }
    },
    "node_modules/@serenity-is/sleekgrid": {
      "version": "1.4.0",
      "resolved": "https://registry.npmjs.org/@serenity-is/sleekgrid/-/sleekgrid-1.4.0.tgz",
      "integrity": "sha512-XJ1QLYzsqu2gJl7sGcBhtc+shdeDt0L7b+YL3SBvxZ44v0e3HTjJ4TJ+XCi+8Tihl609OeS23OOm7ml8cgKeyw=="
    },
    "node_modules/@serenity-is/tsbuild": {
      "version": "6.2.9",
      "resolved": "https://registry.npmjs.org/@serenity-is/tsbuild/-/tsbuild-6.2.9.tgz",
      "integrity": "sha512-sBVu9x4vE+msyBRcCa2//RTiPlG5L7pwuRngKbwcuJ61bN6FaxxC+r7Nxu/ZHBoDtlcOy8z82PDYYOS45poDRg==",
      "dev": true,
      "dependencies": {
        "esbuild": "0.15.11"
      },
      "optionalDependencies": {
        "fsevents": "2.3.2"
      }
    },
    "node_modules/@types/jquery": {
      "version": "2.0.48",
      "license": "MIT"
    },
    "node_modules/@types/jquery.validation": {
      "version": "1.16.7",
      "license": "MIT",
      "dependencies": {
        "@types/jquery": "*"
      }
    },
    "node_modules/@types/jqueryui": {
      "version": "1.12.6",
      "license": "MIT",
      "dependencies": {
        "@types/jquery": "*"
      }
    },
    "node_modules/@types/toastr": {
      "version": "2.1.39",
      "license": "MIT",
      "dependencies": {
        "@types/jquery": "*"
      }
    },
    "node_modules/esbuild": {
      "version": "0.15.11",
      "dev": true,
      "hasInstallScript": true,
      "license": "MIT",
      "bin": {
        "esbuild": "bin/esbuild"
      },
      "engines": {
        "node": ">=12"
      },
      "optionalDependencies": {
        "@esbuild/android-arm": "0.15.11",
        "@esbuild/linux-loong64": "0.15.11",
        "esbuild-android-64": "0.15.11",
        "esbuild-android-arm64": "0.15.11",
        "esbuild-darwin-64": "0.15.11",
        "esbuild-darwin-arm64": "0.15.11",
        "esbuild-freebsd-64": "0.15.11",
        "esbuild-freebsd-arm64": "0.15.11",
        "esbuild-linux-32": "0.15.11",
        "esbuild-linux-64": "0.15.11",
        "esbuild-linux-arm": "0.15.11",
        "esbuild-linux-arm64": "0.15.11",
        "esbuild-linux-mips64le": "0.15.11",
        "esbuild-linux-ppc64le": "0.15.11",
        "esbuild-linux-riscv64": "0.15.11",
        "esbuild-linux-s390x": "0.15.11",
        "esbuild-netbsd-64": "0.15.11",
        "esbuild-openbsd-64": "0.15.11",
        "esbuild-sunos-64": "0.15.11",
        "esbuild-windows-32": "0.15.11",
        "esbuild-windows-64": "0.15.11",
        "esbuild-windows-arm64": "0.15.11"
      }
    },
    "node_modules/esbuild-windows-64": {
      "version": "0.15.11",
      "cpu": [
        "x64"
      ],
      "dev": true,
      "license": "MIT",
      "optional": true,
      "os": [
        "win32"
      ],
      "engines": {
        "node": ">=12"
      }
    },
    "node_modules/fsevents": {
      "version": "2.3.2",
      "resolved": "https://registry.npmjs.org/fsevents/-/fsevents-2.3.2.tgz",
      "integrity": "sha512-xiqMQR4xAeHTuB9uWm+fFRcIOgKBMiOBP+eXiyT7jsgVCq1bkVygt00oASowB7EdtpOHaaPgKt812P9ab+DDKA==",
      "hasInstallScript": true,
      "optional": true,
      "os": [
        "darwin"
      ],
      "engines": {
        "node": "^8.16.0 || ^10.6.0 || >=11.0.0"
      }
    }
  }
}
