lockfileVersion: 5.4

specifiers:
  '@types/chart.js': 2.9.35
  '@types/jquery': 2.0.48
  '@types/jquery.blockui': 0.0.27
  '@types/jquery.validation': ^1.13.32
  '@types/jqueryui': ^1.11.32
  '@types/react': ^16.1.0
  '@types/toastr': ^2.1.33

dependencies:
  '@types/chart.js': 2.9.35
  '@types/jquery': 2.0.48
  '@types/jquery.blockui': 0.0.27
  '@types/jquery.validation': 1.16.7
  '@types/jqueryui': 1.12.16
  '@types/react': 16.14.28
  '@types/toastr': 2.1.39

packages:

  /@types/chart.js/2.9.35:
    resolution: {integrity: sha512-MWx/zZlh4wHBbM4Tm4YsZyYGb1/LkTiFLFwX/FXb0EJCvXX2xWTRHwlJ2RAAEXWxLrOdaAWP8vFtJXny+4CpEw==}
    dependencies:
      moment: 2.29.4
    dev: false

  /@types/jquery.blockui/0.0.27:
    resolution: {integrity: sha512-pOd83GV+O43sX+bEnS8yCdjxnfxfARovYM/xZ4eFVN90vqDTL8dYMxcOF1OZoKPDz59HOJIFHgMYPeLrZaBHlw==}
    dependencies:
      '@types/jquery': 2.0.48
    dev: false

  /@types/jquery.validation/1.16.7:
    resolution: {integrity: sha512-auRrFzVUOOg7jcLMGyEhvKAC84e8/Tu27wJXDLk3NZ0XCKGZWHYm7livBEjRs3LkB4vGnMKqWXBBnRpmCO9mhQ==}
    dependencies:
      '@types/jquery': 2.0.48
    dev: false

  /@types/jquery/2.0.48:
    resolution: {integrity: sha512-nNLzUrVjaRV/Ds1eHZLYTd7IZxs38cwwLSaqMJj8OTXY8xNUbxSK69bi9cMLvQ7dm/IBeQ1wHwQ0S1uYa0rd2w==}
    dev: false

  /@types/jqueryui/1.12.16:
    resolution: {integrity: sha512-6huAQDpNlso9ayaUT9amBOA3kj02OCeUWs+UvDmbaJmwkHSg/HLsQOoap/D5uveN9ePwl72N45Bl+Frp5xyG1Q==}
    dependencies:
      '@types/jquery': 2.0.48
    dev: false

  /@types/prop-types/15.7.5:
    resolution: {integrity: sha512-JCB8C6SnDoQf0cNycqd/35A7MjcnK+ZTqE7judS6o7utxUCg6imJg3QK2qzHKszlTjcj2cn+NwMB2i96ubpj7w==}
    dev: false

  /@types/react/16.14.28:
    resolution: {integrity: sha512-83zBE6+XUVXsdL3iFzOyUewdauaU+KviKCHEGOgSW52coAuqW7tEKQM0E9+ZC0Zk6TELQ2/JgogPvp7FavzFwg==}
    dependencies:
      '@types/prop-types': 15.7.5
      '@types/scheduler': 0.16.2
      csstype: 3.1.0
    dev: false

  /@types/scheduler/0.16.2:
    resolution: {integrity: sha512-hppQEBDmlwhFAXKJX2KnWLYu5yMfi91yazPb2l+lbJiwW+wdo1gNeRA+3RgNSO39WYX2euey41KEwnqesU2Jew==}
    dev: false

  /@types/toastr/2.1.39:
    resolution: {integrity: sha512-jgbMLTjj7dsSY/EYYOoZXhK6OY/bR909Bn6YNnwL3Oq+f0AeFKbYa198XU/6bsmUqqCCWw5VvCi11FDN1/fetw==}
    dependencies:
      '@types/jquery': 2.0.48
    dev: false

  /csstype/3.1.0:
    resolution: {integrity: sha512-uX1KG+x9h5hIJsaKR9xHUeUraxf8IODOwq9JLNPq6BwB04a/xgpq3rcx47l5BZu5zBPlgD342tdke3Hom/nJRA==}
    dev: false

  /moment/2.29.4:
    resolution: {integrity: sha512-5LC9SOxjSc2HF6vO2CyuTDNivEdoz2IvyJJGj6X8DJ0eFyfszE0QiEd+iXmBvUP3WHxSjFH/vIsA0EN00cgr8w==}
    dev: false
